
Microsoft Visual Studio Solution File, Format Version 12.00
# Visual Studio Version 17
VisualStudioVersion = 17.7.34024.191
MinimumVisualStudioVersion = 10.0.40219.1
Project("{FAE04EC0-301F-11D3-BF4B-00C04F79EFBC}") = "GeneticAlgs", "GeneticAlgs\GeneticAlgs.csproj", "{22CB798A-A8AD-4835-AB85-E50E5581EC7F}"
EndProject
Global
	GlobalSection(SolutionConfigurationPlatforms) = preSolution
		Debug|Any CPU = Debug|Any CPU
		Release|Any CPU = Release|Any CPU
	EndGlobalSection
	GlobalSection(ProjectConfigurationPlatforms) = postSolution
		{22CB798A-A8AD-4835-AB85-E50E5581EC7F}.Debug|Any CPU.ActiveCfg = Debug|Any CPU
		{22CB798A-A8AD-4835-AB85-E50E5581EC7F}.Debug|Any CPU.Build.0 = Debug|Any CPU
		{22CB798A-A8AD-4835-AB85-E50E5581EC7F}.Release|Any CPU.ActiveCfg = Release|Any CPU
		{22CB798A-A8AD-4835-AB85-E50E5581EC7F}.Release|Any CPU.Build.0 = Release|Any CPU
	EndGlobalSection
	GlobalSection(SolutionProperties) = preSolution
		HideSolutionNode = FALSE
	EndGlobalSection
	GlobalSection(ExtensibilityGlobals) = postSolution
		SolutionGuid = {9F0B6D3A-0DDB-41AA-AA64-AB85E5B486AE}
	EndGlobalSection
EndGlobal
